
Microsoft Visual Studio Solution File, Format Version 12.00
# Visual Studio Version 17
VisualStudioVersion = 17.5.002.0
MinimumVisualStudioVersion = 10.0.40219.1
Project("{9A19103F-16F7-4668-BE54-9A1E7A4F7556}") = "Canvas", "Canvas.csproj", "{08E67907-7E03-46B8-9516-048FAC460BE9}"
EndProject
Global
	GlobalSection(SolutionConfigurationPlatforms) = preSolution
		Debug|Any CPU = Debug|Any CPU
		Release|Any CPU = Release|Any CPU
	EndGlobalSection
	GlobalSection(ProjectConfigurationPlatforms) = postSolution
		{08E67907-7E03-46B8-9516-048FAC460BE9}.Debug|Any CPU.ActiveCfg = Debug|Any CPU
		{08E67907-7E03-46B8-9516-048FAC460BE9}.Debug|Any CPU.Build.0 = Debug|Any CPU
		{08E67907-7E03-46B8-9516-048FAC460BE9}.Release|Any CPU.ActiveCfg = Release|Any CPU
		{08E67907-7E03-46B8-9516-048FAC460BE9}.Release|Any CPU.Build.0 = Release|Any CPU
	EndGlobalSection
	GlobalSection(SolutionProperties) = preSolution
		HideSolutionNode = FALSE
	EndGlobalSection
	GlobalSection(ExtensibilityGlobals) = postSolution
		SolutionGuid = {E7E7F523-EB48-4021-9D01-BCBF99CB4998}
	EndGlobalSection
EndGlobal
